<?xml version="1.0" encoding="utf-8"?>
<Project ToolsVersion="4.0" xmlns="http://schemas.microsoft.com/developer/msbuild/2003">
  <ItemGroup>
    <Filter Include="Source Files">
      <UniqueIdentifier>{4FC737F1-C7A5-4376-A066-2A32D752A2FF}</UniqueIdentifier>
      <Extensions>cpp;c;cc;cxx;c++;cppm;ixx;def;odl;idl;hpj;bat;asm;asmx</Extensions>
    </Filter>
    <Filter Include="Header Files">
      <UniqueIdentifier>{93995380-89BD-4b04-88EB-625FBE52EBFB}</UniqueIdentifier>
      <Extensions>h;hh;hpp;hxx;h++;hm;inl;inc;ipp;xsd</Extensions>
    </Filter>
    <Filter Include="Resource Files">
      <UniqueIdentifier>{67DA6AB6-F800-4c08-8B7A-83BB121AAD01}</UniqueIdentifier>
      <Extensions>rc;ico;cur;bmp;dlg;rc2;rct;bin;rgs;gif;jpg;jpeg;jpe;resx;tiff;tif;png;wav;mfcribbon-ms</Extensions>
    </Filter>
    <Filter Include="Header Files\core">
      <UniqueIdentifier>{1f7240b1-2809-4f84-90fd-04e5d40d9d2f}</UniqueIdentifier>
    </Filter>
  </ItemGroup>
  <ItemGroup>
    <ClCompile Include="src\elements\RenderElement.cpp">
      <Filter>Source Files</Filter>
    </ClCompile>
    <ClCompile Include="src\elements\LogElement.cpp">
      <Filter>Source Files</Filter>
    </ClCompile>
    <ClCompile Include="src\Core.cpp">
      <Filter>Source Files</Filter>
    </ClCompile>
    <ClCompile Include="..\shared\glad.c">
      <Filter>Source Files</Filter>
    </ClCompile>
    <ClCompile Include="src\elements\GUIElement.cpp">
      <Filter>Source Files</Filter>
    </ClCompile>
    <ClCompile Include="src\dearimgui\imgui.cpp">
      <Filter>Source Files</Filter>
    </ClCompile>
    <ClCompile Include="src\dearimgui\imgui_demo.cpp">
      <Filter>Source Files</Filter>
    </ClCompile>
    <ClCompile Include="src\dearimgui\imgui_draw.cpp">
      <Filter>Source Files</Filter>
    </ClCompile>
    <ClCompile Include="src\dearimgui\imgui_impl_opengl3.cpp">
      <Filter>Source Files</Filter>
    </ClCompile>
    <ClCompile Include="src\dearimgui\imgui_impl_sdl2.cpp">
      <Filter>Source Files</Filter>
    </ClCompile>
    <ClCompile Include="src\dearimgui\imgui_init.cpp">
      <Filter>Source Files</Filter>
    </ClCompile>
    <ClCompile Include="src\dearimgui\imgui_tables.cpp">
      <Filter>Source Files</Filter>
    </ClCompile>
    <ClCompile Include="src\dearimgui\imgui_widgets.cpp">
      <Filter>Source Files</Filter>
    </ClCompile>
    <ClCompile Include="src\elements\EventElement.cpp">
      <Filter>Source Files</Filter>
    </ClCompile>
    <ClCompile Include="src\elements\ResourceElement.cpp">
      <Filter>Source Files</Filter>
    </ClCompile>
    <ClCompile Include="src\elements\ShaderElement.cpp">
      <Filter>Source Files</Filter>
    </ClCompile>
    <ClCompile Include="src\elements\EcsElement.cpp">
      <Filter>Source Files</Filter>
    </ClCompile>
    <ClCompile Include="src\systems\RenderSystem.cpp">
      <Filter>Source Files</Filter>
    </ClCompile>
  </ItemGroup>
  <ItemGroup>
    <ClInclude Include="..\dependencies\include\engine\Core.h">
      <Filter>Header Files\core</Filter>
    </ClInclude>
    <ClInclude Include="..\dependencies\include\engine\EngineAPI.h">
      <Filter>Header Files\core</Filter>
    </ClInclude>
    <ClInclude Include="..\dependencies\include\engine\elements\event\EventElement.h">
      <Filter>Header Files\core</Filter>
    </ClInclude>
    <ClInclude Include="..\dependencies\include\engine\elements\render\GUIElement.h">
      <Filter>Header Files\core</Filter>
    </ClInclude>
    <ClInclude Include="..\dependencies\include\engine\elements\debuglog\LogElement.h">
      <Filter>Header Files\core</Filter>
    </ClInclude>
    <ClInclude Include="..\dependencies\include\engine\elements\render\RenderElement.h">
      <Filter>Header Files\core</Filter>
    </ClInclude>
    <ClInclude Include="..\dependencies\include\engine\elements\resource\ResourceElement.h">
      <Filter>Header Files\core</Filter>
    </ClInclude>
    <ClInclude Include="..\dependencies\include\engine\elements\resource\ShaderElement.h">
      <Filter>Header Files\core</Filter>
    </ClInclude>
    <ClInclude Include="..\dependencies\include\engine\elements\ecs\EcsElement.h">
      <Filter>Header Files\core</Filter>
    </ClInclude>
    <ClInclude Include="..\dependencies\include\engine\elements\ecs\Components.h">
      <Filter>Header Files\core</Filter>
    </ClInclude>
    <ClInclude Include="..\dependencies\include\engine\systems\RenderSystem.h">
      <Filter>Header Files\core</Filter>
    </ClInclude>
  </ItemGroup>
</Project>